
Microsoft Visual Studio Solution File, Format Version 12.00
# Visual Studio Version 16
VisualStudioVersion = 16.0.31605.320
MinimumVisualStudioVersion = 10.0.40219.1
Project("{FAE04EC0-301F-11D3-BF4B-00C04F79EFBC}") = "god-does-it", "god-does-it.csproj", "{FB7E36A2-FF64-4F6C-B9F3-EE85F3F6CC12}"
EndProject
Global
	GlobalSection(SolutionConfigurationPlatforms) = preSolution
		Debug|Any CPU = Debug|Any CPU
		Release|Any CPU = Release|Any CPU
	EndGlobalSection
	GlobalSection(ProjectConfigurationPlatforms) = postSolution
		{FB7E36A2-FF64-4F6C-B9F3-EE85F3F6CC12}.Debug|Any CPU.ActiveCfg = Debug|Any CPU
		{FB7E36A2-FF64-4F6C-B9F3-EE85F3F6CC12}.Debug|Any CPU.Build.0 = Debug|Any CPU
		{FB7E36A2-FF64-4F6C-B9F3-EE85F3F6CC12}.Release|Any CPU.ActiveCfg = Release|Any CPU
		{FB7E36A2-FF64-4F6C-B9F3-EE85F3F6CC12}.Release|Any CPU.Build.0 = Release|Any CPU
	EndGlobalSection
	GlobalSection(SolutionProperties) = preSolution
		HideSolutionNode = FALSE
	EndGlobalSection
	GlobalSection(ExtensibilityGlobals) = postSolution
		SolutionGuid = {8CAFE04D-5CD0-4C35-8F6D-CD9C55E72553}
	EndGlobalSection
EndGlobal
